
Microsoft Visual Studio Solution File, Format Version 12.00
# Visual Studio Version 17
VisualStudioVersion = 17.4.33213.308
MinimumVisualStudioVersion = 10.0.40219.1
Project("{FAE04EC0-301F-11D3-BF4B-00C04F79EFBC}") = "Inmunity-WinNT", "Inmunity-WinNT.csproj", "{A7A0FBB3-2697-4147-892B-D4A79CEE16F5}"
EndProject
Global
	GlobalSection(SolutionConfigurationPlatforms) = preSolution
		Debug|Any CPU = Debug|Any CPU
		Release|Any CPU = Release|Any CPU
	EndGlobalSection
	GlobalSection(ProjectConfigurationPlatforms) = postSolution
		{A7A0FBB3-2697-4147-892B-D4A79CEE16F5}.Debug|Any CPU.ActiveCfg = Debug|Any CPU
		{A7A0FBB3-2697-4147-892B-D4A79CEE16F5}.Debug|Any CPU.Build.0 = Debug|Any CPU
		{A7A0FBB3-2697-4147-892B-D4A79CEE16F5}.Release|Any CPU.ActiveCfg = Release|Any CPU
		{A7A0FBB3-2697-4147-892B-D4A79CEE16F5}.Release|Any CPU.Build.0 = Release|Any CPU
	EndGlobalSection
	GlobalSection(SolutionProperties) = preSolution
		HideSolutionNode = FALSE
	EndGlobalSection
	GlobalSection(ExtensibilityGlobals) = postSolution
		SolutionGuid = {19558467-CE70-45B0-8C36-C43AA42EF1A4}
	EndGlobalSection
EndGlobal
